{
  "version": 4,
  "terraform_version": "1.9.7",
  "serial": 36,
  "lineage": "be390a53-607f-ab74-00f4-8d5f5077a0c3",
  "outputs": {},
  "resources": [
    {
      "mode": "data",
      "type": "huaweicloud_availability_zones",
      "name": "myaz",
      "provider": "provider[\"registry.terraform.io/huaweicloud/huaweicloud\"]",
      "instances": [
        {
          "schema_version": 0,
          "attributes": {
            "id": "1750375461",
            "names": [
              "me-east-1a",
              "me-east-1b",
              "me-east-1c"
            ],
            "region": "me-east-1",
            "state": "available"
          },
          "sensitive_attributes": []
        }
      ]
    },
    {
      "mode": "data",
      "type": "huaweicloud_compute_flavors",
      "name": "myflavor",
      "provider": "provider[\"registry.terraform.io/huaweicloud/huaweicloud\"]",
      "instances": [
        {
          "schema_version": 0,
          "attributes": {
            "availability_zone": "me-east-1a",
            "cpu_core_count": 2,
            "flavors": [
              {
                "cpu_core_count": 2,
                "generation": "s7",
                "id": "s7n.large.2",
                "memory_size": 4,
                "performance_type": "normal",
                "storage_type": ""
              }
            ],
            "generation": null,
            "id": "4256446443",
            "ids": [
              "s7n.large.2"
            ],
            "memory_size": 4,
            "performance_type": "normal",
            "region": "me-east-1",
            "storage_type": null
          },
          "sensitive_attributes": []
        }
      ]
    },
    {
      "mode": "data",
      "type": "huaweicloud_images_image",
      "name": "myimage",
      "provider": "provider[\"registry.terraform.io/huaweicloud/huaweicloud\"]",
      "instances": [
        {
          "schema_version": 0,
          "attributes": {
            "active_at": "2023-08-11T06:34:29Z",
            "architecture": "x86",
            "backup_id": "",
            "checksum": null,
            "container_format": "bare",
            "created_at": "2023-08-11T06:34:19Z",
            "data_origin": "",
            "description": "Register zvhd2 private image by OpsImageMgmt",
            "disk_format": "zvhd2",
            "enterprise_project_id": "",
            "file": "/v2/images/f0192f86-2117-4da9-ab20-fb2a31af571d/file",
            "flavor_id": null,
            "id": "f0192f86-2117-4da9-ab20-fb2a31af571d",
            "image_id": "f0192f86-2117-4da9-ab20-fb2a31af571d",
            "image_type": "FusionCompute",
            "is_whole_image": null,
            "max_ram_mb": 0,
            "metadata": null,
            "min_disk_gb": 40,
            "min_ram_mb": 1024,
            "most_recent": true,
            "name": "Ubuntu 18.04 server 64bit",
            "name_regex": null,
            "os": "Ubuntu",
            "os_version": "Ubuntu 18.04 server 64bit",
            "owner": "2f214e1ecc414a93a70b5224e867fb42",
            "protected": true,
            "region": "me-east-1",
            "schema": "/v2/schemas/image",
            "size_bytes": 2365378560,
            "size_max": null,
            "size_min": null,
            "sort_direction": "asc",
            "sort_key": "name",
            "status": "active",
            "tag": null,
            "updated_at": "2024-10-12T06:43:59Z",
            "visibility": "public"
          },
          "sensitive_attributes": []
        }
      ]
    },
    {
      "mode": "data",
      "type": "huaweicloud_networking_secgroup",
      "name": "mysecgroup",
      "provider": "provider[\"registry.terraform.io/huaweicloud/huaweicloud\"]",
      "instances": [
        {
          "schema_version": 0,
          "attributes": {
            "created_at": "2024-09-02T14:31:45Z",
            "description": "",
            "enterprise_project_id": null,
            "id": "291f5ce2-f086-4358-9c63-de5ce32eda2b",
            "name": "web-mxd-sa-test-dev",
            "region": "me-east-1",
            "rules": [
              {
                "action": "allow",
                "description": "",
                "direction": "ingress",
                "ethertype": "IPv4",
                "id": "205b3f39-bbe2-4789-a189-0275b59fedd4",
                "port_range_max": 0,
                "port_range_min": 0,
                "ports": "",
                "priority": 1,
                "protocol": "",
                "remote_address_group_id": "",
                "remote_group_id": "",
                "remote_ip_prefix": "87.101.229.83/32"
              },
              {
                "action": "allow",
                "description": "允许所有流量从安全组内实例流出，用于访问外部。",
                "direction": "egress",
                "ethertype": "IPv4",
                "id": "28864ed1-52b9-4d27-b4a7-0e9c35930cfd",
                "port_range_max": 0,
                "port_range_min": 0,
                "ports": "",
                "priority": 1,
                "protocol": "",
                "remote_address_group_id": "",
                "remote_group_id": "",
                "remote_ip_prefix": "0.0.0.0/0"
              },
              {
                "action": "allow",
                "description": "",
                "direction": "ingress",
                "ethertype": "IPv4",
                "id": "392e577c-cfd9-4405-96ed-2494828a0ea9",
                "port_range_max": 0,
                "port_range_min": 0,
                "ports": "",
                "priority": 1,
                "protocol": "",
                "remote_address_group_id": "",
                "remote_group_id": "",
                "remote_ip_prefix": "101.46.48.6/32"
              },
              {
                "action": "allow",
                "description": "",
                "direction": "ingress",
                "ethertype": "IPv4",
                "id": "41330bfb-3950-4db3-bd4b-e738aa76ddc4",
                "port_range_max": 0,
                "port_range_min": 0,
                "ports": "",
                "priority": 1,
                "protocol": "",
                "remote_address_group_id": "",
                "remote_group_id": "",
                "remote_ip_prefix": "172.16.0.0/12"
              },
              {
                "action": "allow",
                "description": "",
                "direction": "ingress",
                "ethertype": "IPv4",
                "id": "58de0dbf-8474-44a1-b187-160784da77db",
                "port_range_max": 0,
                "port_range_min": 0,
                "ports": "",
                "priority": 1,
                "protocol": "",
                "remote_address_group_id": "",
                "remote_group_id": "",
                "remote_ip_prefix": "87.101.229.94/32"
              },
              {
                "action": "allow",
                "description": "",
                "direction": "ingress",
                "ethertype": "IPv4",
                "id": "5d389e34-3bdf-4d5f-8b48-df1a2c005032",
                "port_range_max": 0,
                "port_range_min": 0,
                "ports": "",
                "priority": 1,
                "protocol": "",
                "remote_address_group_id": "",
                "remote_group_id": "",
                "remote_ip_prefix": "192.168.0.0/16"
              },
              {
                "action": "allow",
                "description": "允许安全组内实例通过内网网络相互通信。",
                "direction": "ingress",
                "ethertype": "IPv4",
                "id": "5dc02cf7-1b0d-4a87-a809-3ccdc44bb943",
                "port_range_max": 0,
                "port_range_min": 0,
                "ports": "",
                "priority": 1,
                "protocol": "",
                "remote_address_group_id": "",
                "remote_group_id": "291f5ce2-f086-4358-9c63-de5ce32eda2b",
                "remote_ip_prefix": ""
              },
              {
                "action": "allow",
                "description": "允许安全组内实例通过内网网络相互通信。",
                "direction": "ingress",
                "ethertype": "IPv6",
                "id": "76f82c30-3379-4c21-9b93-95fa16a922f1",
                "port_range_max": 0,
                "port_range_min": 0,
                "ports": "",
                "priority": 1,
                "protocol": "",
                "remote_address_group_id": "",
                "remote_group_id": "291f5ce2-f086-4358-9c63-de5ce32eda2b",
                "remote_ip_prefix": ""
              },
              {
                "action": "allow",
                "description": "",
                "direction": "ingress",
                "ethertype": "IPv4",
                "id": "82e8f23e-94bd-4d0a-b6b9-d0c239cb3c2c",
                "port_range_max": 0,
                "port_range_min": 0,
                "ports": "",
                "priority": 1,
                "protocol": "",
                "remote_address_group_id": "",
                "remote_group_id": "",
                "remote_ip_prefix": "80.238.224.201/32"
              },
              {
                "action": "allow",
                "description": "",
                "direction": "ingress",
                "ethertype": "IPv4",
                "id": "9167844c-3fe4-4ea9-98fd-2bb0f9cb11ce",
                "port_range_max": 0,
                "port_range_min": 0,
                "ports": "",
                "priority": 1,
                "protocol": "",
                "remote_address_group_id": "",
                "remote_group_id": "",
                "remote_ip_prefix": "101.46.55.197/32"
              },
              {
                "action": "allow",
                "description": "允许所有流量从安全组内实例流出，用于访问外部。",
                "direction": "egress",
                "ethertype": "IPv6",
                "id": "b42a27fe-f680-4a3a-bbe7-cc6af289824b",
                "port_range_max": 0,
                "port_range_min": 0,
                "ports": "",
                "priority": 1,
                "protocol": "",
                "remote_address_group_id": "",
                "remote_group_id": "",
                "remote_ip_prefix": "::/0"
              },
              {
                "action": "allow",
                "description": "",
                "direction": "ingress",
                "ethertype": "IPv4",
                "id": "f881b94c-af54-45f1-9b29-23407f98f3ba",
                "port_range_max": 0,
                "port_range_min": 0,
                "ports": "",
                "priority": 1,
                "protocol": "",
                "remote_address_group_id": "146e77b2-6e61-4fcc-bb2a-620ad8ff2ed4",
                "remote_group_id": "",
                "remote_ip_prefix": ""
              },
              {
                "action": "allow",
                "description": "",
                "direction": "ingress",
                "ethertype": "IPv4",
                "id": "ffdedef7-e8fd-4112-a3f0-5073f7a2423a",
                "port_range_max": 0,
                "port_range_min": 0,
                "ports": "",
                "priority": 1,
                "protocol": "",
                "remote_address_group_id": "",
                "remote_group_id": "",
                "remote_ip_prefix": "80.238.227.53/32"
              }
            ],
            "secgroup_id": null,
            "updated_at": "2024-11-03T08:32:06Z"
          },
          "sensitive_attributes": []
        }
      ]
    },
    {
      "mode": "data",
      "type": "huaweicloud_vpc_subnet",
      "name": "mynet",
      "provider": "provider[\"registry.terraform.io/huaweicloud/huaweicloud\"]",
      "instances": [
        {
          "schema_version": 0,
          "attributes": {
            "availability_zone": "me-east-1a",
            "cidr": "192.168.0.0/24",
            "description": "",
            "dhcp_enable": true,
            "dns_list": [
              "100.125.250.249",
              "100.125.250.250"
            ],
            "gateway_ip": "192.168.0.1",
            "id": "e380775c-5201-4c00-8a8c-74fed5ceb935",
            "ipv4_subnet_id": "00041a45-b2b2-4358-8dc2-827025465218",
            "ipv6_cidr": "",
            "ipv6_enable": false,
            "ipv6_gateway": "",
            "ipv6_subnet_id": "",
            "name": "subnet-ecs",
            "primary_dns": "100.125.250.249",
            "region": "me-east-1",
            "secondary_dns": "100.125.250.250",
            "status": "ACTIVE",
            "subnet_id": "00041a45-b2b2-4358-8dc2-827025465218",
            "vpc_id": "69c57069-ec65-4aa0-8377-47f79c0d8970"
          },
          "sensitive_attributes": []
        }
      ]
    },
    {
      "mode": "managed",
      "type": "huaweicloud_compute_instance",
      "name": "myinstance",
      "provider": "provider[\"registry.terraform.io/huaweicloud/huaweicloud\"]",
      "instances": [
        {
          "schema_version": 0,
          "attributes": {
            "access_ip_v4": "192.168.0.169",
            "access_ip_v6": "",
            "admin_pass": "rR@5li*R",
            "agency_name": "",
            "agent_list": "",
            "auto_pay": null,
            "auto_renew": null,
            "auto_terminate_time": "",
            "availability_zone": "me-east-1a",
            "bandwidth": [],
            "charging_mode": "postPaid",
            "created_at": "2024-12-15T17:01:13Z",
            "data_disks": [],
            "delete_disks_on_termination": null,
            "delete_eip_on_termination": true,
            "description": "",
            "eip_id": null,
            "eip_type": null,
            "enterprise_project_id": "0",
            "expired_time": null,
            "flavor_id": "s7n.large.2",
            "flavor_name": "s7n.large.2",
            "hostname": "my-test-terr",
            "id": "502659fe-66e7-4404-8201-6b0cc30499e3",
            "image_id": "f0192f86-2117-4da9-ab20-fb2a31af571d",
            "image_name": "Ubuntu 18.04 server 64bit",
            "key_pair": null,
            "metadata": null,
            "name": "my-test-terr",
            "network": [
              {
                "access_network": false,
                "fixed_ip_v4": "192.168.0.169",
                "fixed_ip_v6": "",
                "ipv6_enable": false,
                "mac": "fa:16:3e:18:70:19",
                "port": "88320b18-98e6-492b-9844-9df7050314e2",
                "source_dest_check": true,
                "uuid": "e380775c-5201-4c00-8a8c-74fed5ceb935"
              }
            ],
            "period": null,
            "period_unit": null,
            "power_action": null,
            "private_key": null,
            "public_ip": null,
            "region": "me-east-1",
            "scheduler_hints": [],
            "security_group_ids": [
              "291f5ce2-f086-4358-9c63-de5ce32eda2b"
            ],
            "security_groups": [
              "web-mxd-sa-test-dev"
            ],
            "spot_duration": null,
            "spot_duration_count": null,
            "spot_maximum_price": null,
            "status": "ACTIVE",
            "stop_before_destroy": false,
            "system_disk_dss_pool_id": null,
            "system_disk_id": "a6a07254-31ab-407a-b4e6-95a4d377a962",
            "system_disk_iops": 0,
            "system_disk_kms_key_id": "",
            "system_disk_size": 40,
            "system_disk_throughput": 0,
            "system_disk_type": "SAS",
            "tags": null,
            "timeouts": null,
            "updated_at": "2024-12-15T17:01:21Z",
            "user_data": null,
            "user_id": null,
            "volume_attached": [
              {
                "boot_index": 0,
                "kms_key_id": "",
                "pci_address": "0000:02:01.0",
                "size": 40,
                "type": "SAS",
                "volume_id": "a6a07254-31ab-407a-b4e6-95a4d377a962"
              }
            ]
          },
          "sensitive_attributes": [
            [
              {
                "type": "get_attr",
                "value": "admin_pass"
              }
            ],
            [
              {
                "type": "get_attr",
                "value": "private_key"
              }
            ]
          ],
          "private": "eyJlMmJmYjczMC1lY2FhLTExZTYtOGY4OC0zNDM2M2JjN2M0YzAiOnsiY3JlYXRlIjoxODAwMDAwMDAwMDAwLCJkZWxldGUiOjE4MDAwMDAwMDAwMDAsInVwZGF0ZSI6MTgwMDAwMDAwMDAwMH19",
          "dependencies": [
            "data.huaweicloud_availability_zones.myaz",
            "data.huaweicloud_compute_flavors.myflavor",
            "data.huaweicloud_images_image.myimage",
            "data.huaweicloud_networking_secgroup.mysecgroup",
            "data.huaweicloud_vpc_subnet.mynet",
            "random_password.password"
          ]
        }
      ]
    },
    {
      "mode": "managed",
      "type": "random_password",
      "name": "password",
      "provider": "provider[\"registry.terraform.io/hashicorp/random\"]",
      "instances": [
        {
          "schema_version": 3,
          "attributes": {
            "bcrypt_hash": "$2a$10$WWwP94LtKKGLIy2rrYvW3epH.hJGuv..r2t7XlJPs9yujmZj8CFuy",
            "id": "none",
            "keepers": null,
            "length": 8,
            "lower": true,
            "min_lower": 0,
            "min_numeric": 0,
            "min_special": 0,
            "min_upper": 0,
            "number": true,
            "numeric": true,
            "override_special": "!@#$%*12345678",
            "result": "rR@5li*R",
            "special": true,
            "upper": true
          },
          "sensitive_attributes": [
            [
              {
                "type": "get_attr",
                "value": "bcrypt_hash"
              }
            ],
            [
              {
                "type": "get_attr",
                "value": "result"
              }
            ]
          ]
        }
      ]
    }
  ],
  "check_results": null
}
